
Microsoft Visual Studio Solution File, Format Version 12.00
# Visual Studio Version 16
VisualStudioVersion = 16.0.31105.61
MinimumVisualStudioVersion = 10.0.40219.1
Project("{FAE04EC0-301F-11D3-BF4B-00C04F79EFBC}") = "AutomataRace", "AutomataRace\AutomataRace.csproj", "{2B0C31E4-745F-4631-85CA-D99C984EF8A1}"
	ProjectSection(ProjectDependencies) = postProject
		{A5A4BE9C-886A-4380-9974-937160169329} = {A5A4BE9C-886A-4380-9974-937160169329}
	EndProjectSection
EndProject
Project("{FAE04EC0-301F-11D3-BF4B-00C04F79EFBC}") = "CustomizableRecipe", "CustomizableRecipe\CustomizableRecipe.csproj", "{A5A4BE9C-886A-4380-9974-937160169329}"
EndProject
Global
	GlobalSection(SolutionConfigurationPlatforms) = preSolution
		Debug|Any CPU = Debug|Any CPU
		Release|Any CPU = Release|Any CPU
	EndGlobalSection
	GlobalSection(ProjectConfigurationPlatforms) = postSolution
		{2B0C31E4-745F-4631-85CA-D99C984EF8A1}.Debug|Any CPU.ActiveCfg = Debug|Any CPU
		{2B0C31E4-745F-4631-85CA-D99C984EF8A1}.Debug|Any CPU.Build.0 = Debug|Any CPU
		{2B0C31E4-745F-4631-85CA-D99C984EF8A1}.Release|Any CPU.ActiveCfg = Release|Any CPU
		{2B0C31E4-745F-4631-85CA-D99C984EF8A1}.Release|Any CPU.Build.0 = Release|Any CPU
		{A5A4BE9C-886A-4380-9974-937160169329}.Debug|Any CPU.ActiveCfg = Debug|Any CPU
		{A5A4BE9C-886A-4380-9974-937160169329}.Debug|Any CPU.Build.0 = Debug|Any CPU
		{A5A4BE9C-886A-4380-9974-937160169329}.Release|Any CPU.ActiveCfg = Release|Any CPU
		{A5A4BE9C-886A-4380-9974-937160169329}.Release|Any CPU.Build.0 = Release|Any CPU
	EndGlobalSection
	GlobalSection(SolutionProperties) = preSolution
		HideSolutionNode = FALSE
	EndGlobalSection
	GlobalSection(ExtensibilityGlobals) = postSolution
		SolutionGuid = {D62F4C5E-77A1-4CEC-8C90-FDC4ED50EE74}
	EndGlobalSection
EndGlobal
